# This file is automatically @generated by Cargo.
# It is not intended for manual editing.
version = 4

[[package]]
name = "disk-schedule"
version = "0.1.0"

[[package]]
name = "page-replace"
version = "0.1.0"

[[package]]
name = "prds-algo"
version = "0.1.0"
dependencies = [
 "disk-schedule",
 "page-replace",
]
